// !$*UTF8*$!
{
	archiveVersion = 1;
	classes = {
	};
	objectVersion = 46;
	objects = {

/* Begin PBXBuildFile section */
		F600EC7B17B240C100DFE37E /* Game.cpp in Sources */ = {isa = PBXBuildFile; fileRef = F600EC7917B240C100DFE37E /* Game.cpp */; };
		F600EC7D17B240E500DFE37E /* main.cpp in Sources */ = {isa = PBXBuildFile; fileRef = F600EC7C17B240E500DFE37E /* main.cpp */; };
		F600EC7F17B2438700DFE37E /* OpenGL.framework in Frameworks */ = {isa = PBXBuildFile; fileRef = F600EC7E17B2438700DFE37E /* OpenGL.framework */; };
		F600EC8417B245EE00DFE37E /* InputSystem.cpp in Sources */ = {isa = PBXBuildFile; fileRef = F600EC8217B245EE00DFE37E /* InputSystem.cpp */; };
		F619A6A117B13465009ABFBC /* Entity.cpp in Sources */ = {isa = PBXBuildFile; fileRef = F619A69F17B13465009ABFBC /* Entity.cpp */; };
		F624276717B3AE5F0015D646 /* text.cc in Sources */ = {isa = PBXBuildFile; fileRef = F624276517B3AE5F0015D646 /* text.cc */; };
		F6434AD117AFE7E10018BDC9 /* Component.cpp in Sources */ = {isa = PBXBuildFile; fileRef = F6434ACF17AFE7E10018BDC9 /* Component.cpp */; };
		F6434AD517AFE8F80018BDC9 /* World.cpp in Sources */ = {isa = PBXBuildFile; fileRef = F6434AD317AFE8F80018BDC9 /* World.cpp */; };
		F6466ACF17B3E35700A8A449 /* TTLSystem.cpp in Sources */ = {isa = PBXBuildFile; fileRef = F6466ACD17B3E35700A8A449 /* TTLSystem.cpp */; };
		F65E765117B26FA500AC6807 /* Spatial.cpp in Sources */ = {isa = PBXBuildFile; fileRef = F65E764F17B26FA500AC6807 /* Spatial.cpp */; };
		F65E765717B272FA00AC6807 /* RenderSystem.cpp in Sources */ = {isa = PBXBuildFile; fileRef = F65E765517B272FA00AC6807 /* RenderSystem.cpp */; };
		F65E765917B2758500AC6807 /* resource_dir.mm in Sources */ = {isa = PBXBuildFile; fileRef = F65E765817B2758500AC6807 /* resource_dir.mm */; };
		F65E765C17B2765500AC6807 /* Resources in Resources */ = {isa = PBXBuildFile; fileRef = F65E765B17B2764D00AC6807 /* Resources */; };
		F667025F17B29993004B05EA /* MovementControlSystem.cpp in Sources */ = {isa = PBXBuildFile; fileRef = F667025D17B29993004B05EA /* MovementControlSystem.cpp */; };
		F6765AED17B160360030D33F /* Event.cpp in Sources */ = {isa = PBXBuildFile; fileRef = F6765AEB17B160360030D33F /* Event.cpp */; };
		F6765AEE17B162C70030D33F /* System.cpp in Sources */ = {isa = PBXBuildFile; fileRef = F6765AE817B15D2E0030D33F /* System.cpp */; };
		F6836F0417AFBB8000F0D669 /* Cocoa.framework in Frameworks */ = {isa = PBXBuildFile; fileRef = F6836F0317AFBB8000F0D669 /* Cocoa.framework */; };
		F688BC9417B39D48002E33C4 /* SpatialHierarchySystem.cpp in Sources */ = {isa = PBXBuildFile; fileRef = F688BC9217B39D48002E33C4 /* SpatialHierarchySystem.cpp */; };
		F689F0C517AFC61400A74DEA /* GLFW.framework in Frameworks */ = {isa = PBXBuildFile; fileRef = F689F0C117AFC54100A74DEA /* GLFW.framework */; };
		F689F0C617AFC67C00A74DEA /* GLFW.framework in CopyFiles */ = {isa = PBXBuildFile; fileRef = F689F0C117AFC54100A74DEA /* GLFW.framework */; };
		F689F0C717AFC69E00A74DEA /* GLM.framework in CopyFiles */ = {isa = PBXBuildFile; fileRef = F6E7BC8B17AFC00A00B9D2B2 /* GLM.framework */; };
		F689F0FD17AFC81E00A74DEA /* GLEW.framework in CopyFiles */ = {isa = PBXBuildFile; fileRef = F689F0FB17AFC81A00A74DEA /* GLEW.framework */; };
		F689F0FE17AFC83400A74DEA /* GLEW.framework in Frameworks */ = {isa = PBXBuildFile; fileRef = F689F0FB17AFC81A00A74DEA /* GLEW.framework */; };
		F689F12B17AFD18700A74DEA /* libluajit-5.1.a in Frameworks */ = {isa = PBXBuildFile; fileRef = F689F12917AFD17E00A74DEA /* libluajit-5.1.a */; };
		F68A011A17B3BFF9005CB4E6 /* TimeLeftSystem.cpp in Sources */ = {isa = PBXBuildFile; fileRef = F68A011817B3BFF9005CB4E6 /* TimeLeftSystem.cpp */; };
		F68C890B17B562240071E14D /* libconfig.framework in CopyFiles */ = {isa = PBXBuildFile; fileRef = F68C890817B562110071E14D /* libconfig.framework */; };
		F68C890C17B562290071E14D /* libconfig.framework in Frameworks */ = {isa = PBXBuildFile; fileRef = F68C890817B562110071E14D /* libconfig.framework */; };
		F6B772B817B2590C00DBF972 /* DirectoryManifest.cc in Sources */ = {isa = PBXBuildFile; fileRef = F6B772B617B2590C00DBF972 /* DirectoryManifest.cc */; };
		F6B772BB17B2591F00DBF972 /* FileStreamReader.cc in Sources */ = {isa = PBXBuildFile; fileRef = F6B772B917B2591F00DBF972 /* FileStreamReader.cc */; };
		F6B772BF17B2593800DBF972 /* manifest_container.cpp in Sources */ = {isa = PBXBuildFile; fileRef = F6B772BC17B2593800DBF972 /* manifest_container.cpp */; };
		F6B772C417B2595600DBF972 /* material.cc in Sources */ = {isa = PBXBuildFile; fileRef = F6B772C017B2595600DBF972 /* material.cc */; };
		F6B772C517B2595600DBF972 /* Mesh.cc in Sources */ = {isa = PBXBuildFile; fileRef = F6B772C217B2595600DBF972 /* Mesh.cc */; };
		F6B772C817B2596100DBF972 /* ObjGeometry.cc in Sources */ = {isa = PBXBuildFile; fileRef = F6B772C617B2596100DBF972 /* ObjGeometry.cc */; };
		F6B772CC17B2596A00DBF972 /* Program.cc in Sources */ = {isa = PBXBuildFile; fileRef = F6B772CA17B2596A00DBF972 /* Program.cc */; };
		F6B772D217B2597500DBF972 /* resource_cache.cc in Sources */ = {isa = PBXBuildFile; fileRef = F6B772CD17B2597500DBF972 /* resource_cache.cc */; };
		F6B772D317B2597500DBF972 /* resource_factory.cc in Sources */ = {isa = PBXBuildFile; fileRef = F6B772CF17B2597500DBF972 /* resource_factory.cc */; };
		F6B772D617B2598300DBF972 /* Shader.cc in Sources */ = {isa = PBXBuildFile; fileRef = F6B772D417B2598300DBF972 /* Shader.cc */; };
		F6B772D917B2599000DBF972 /* StreamReader.cc in Sources */ = {isa = PBXBuildFile; fileRef = F6B772D717B2599000DBF972 /* StreamReader.cc */; };
		F6B772DC17B2599400DBF972 /* stb_image.c in Sources */ = {isa = PBXBuildFile; fileRef = F6B772DA17B2599400DBF972 /* stb_image.c */; settings = {COMPILER_FLAGS = "-w"; }; };
		F6B772DF17B2599C00DBF972 /* Texture.cc in Sources */ = {isa = PBXBuildFile; fileRef = F6B772DD17B2599C00DBF972 /* Texture.cc */; };
		F6B772E317B259B700DBF972 /* Bitmap.cc in Sources */ = {isa = PBXBuildFile; fileRef = F6B772E117B259B700DBF972 /* Bitmap.cc */; };
		F6E0D72B17B41E6800839A87 /* ScriptSystem.cpp in Sources */ = {isa = PBXBuildFile; fileRef = F6E0D72917B41E6800839A87 /* ScriptSystem.cpp */; };
		F6E7BC8C17AFC00A00B9D2B2 /* GLM.framework in Frameworks */ = {isa = PBXBuildFile; fileRef = F6E7BC8B17AFC00A00B9D2B2 /* GLM.framework */; };
/* End PBXBuildFile section */

/* Begin PBXCopyFilesBuildPhase section */
		F6E7BC9217AFC1E300B9D2B2 /* CopyFiles */ = {
			isa = PBXCopyFilesBuildPhase;
			buildActionMask = 12;
			dstPath = "";
			dstSubfolderSpec = 10;
			files = (
				F689F0C617AFC67C00A74DEA /* GLFW.framework in CopyFiles */,
				F689F0FD17AFC81E00A74DEA /* GLEW.framework in CopyFiles */,
				F689F0C717AFC69E00A74DEA /* GLM.framework in CopyFiles */,
				F68C890B17B562240071E14D /* libconfig.framework in CopyFiles */,
			);
			runOnlyForDeploymentPostprocessing = 0;
		};
/* End PBXCopyFilesBuildPhase section */

/* Begin PBXFileReference section */
		F600EC7917B240C100DFE37E /* Game.cpp */ = {isa = PBXFileReference; fileEncoding = 4; lastKnownFileType = sourcecode.cpp.cpp; path = Game.cpp; sourceTree = "<group>"; };
		F600EC7A17B240C100DFE37E /* Game.h */ = {isa = PBXFileReference; fileEncoding = 4; lastKnownFileType = sourcecode.c.h; path = Game.h; sourceTree = "<group>"; };
		F600EC7C17B240E500DFE37E /* main.cpp */ = {isa = PBXFileReference; fileEncoding = 4; lastKnownFileType = sourcecode.cpp.cpp; path = main.cpp; sourceTree = "<group>"; };
		F600EC7E17B2438700DFE37E /* OpenGL.framework */ = {isa = PBXFileReference; lastKnownFileType = wrapper.framework; name = OpenGL.framework; path = System/Library/Frameworks/OpenGL.framework; sourceTree = SDKROOT; };
		F600EC8217B245EE00DFE37E /* InputSystem.cpp */ = {isa = PBXFileReference; fileEncoding = 4; lastKnownFileType = sourcecode.cpp.cpp; path = InputSystem.cpp; sourceTree = "<group>"; };
		F600EC8317B245EE00DFE37E /* InputSystem.h */ = {isa = PBXFileReference; fileEncoding = 4; lastKnownFileType = sourcecode.c.h; path = InputSystem.h; sourceTree = "<group>"; };
		F600EC8517B24DA800DFE37E /* MouseComponent.h */ = {isa = PBXFileReference; lastKnownFileType = sourcecode.c.h; path = MouseComponent.h; sourceTree = "<group>"; };
		F619A69F17B13465009ABFBC /* Entity.cpp */ = {isa = PBXFileReference; fileEncoding = 4; lastKnownFileType = sourcecode.cpp.cpp; path = Entity.cpp; sourceTree = "<group>"; };
		F619A6A017B13465009ABFBC /* Entity.h */ = {isa = PBXFileReference; fileEncoding = 4; lastKnownFileType = sourcecode.c.h; path = Entity.h; sourceTree = "<group>"; };
		F624276517B3AE5F0015D646 /* text.cc */ = {isa = PBXFileReference; fileEncoding = 4; lastKnownFileType = sourcecode.cpp.cpp; path = text.cc; sourceTree = "<group>"; };
		F624276617B3AE5F0015D646 /* text.h */ = {isa = PBXFileReference; fileEncoding = 4; lastKnownFileType = sourcecode.c.h; path = text.h; sourceTree = "<group>"; };
		F624276817B3AF310015D646 /* HUDTextComponent.h */ = {isa = PBXFileReference; lastKnownFileType = sourcecode.c.h; path = HUDTextComponent.h; sourceTree = "<group>"; };
		F6434ACF17AFE7E10018BDC9 /* Component.cpp */ = {isa = PBXFileReference; fileEncoding = 4; lastKnownFileType = sourcecode.cpp.cpp; path = Component.cpp; sourceTree = "<group>"; };
		F6434AD017AFE7E10018BDC9 /* Component.h */ = {isa = PBXFileReference; fileEncoding = 4; lastKnownFileType = sourcecode.c.h; path = Component.h; sourceTree = "<group>"; };
		F6434AD317AFE8F80018BDC9 /* World.cpp */ = {isa = PBXFileReference; fileEncoding = 4; lastKnownFileType = sourcecode.cpp.cpp; path = World.cpp; sourceTree = "<group>"; };
		F6434AD417AFE8F80018BDC9 /* World.h */ = {isa = PBXFileReference; fileEncoding = 4; lastKnownFileType = sourcecode.c.h; path = World.h; sourceTree = "<group>"; };
		F6466ACC17B3E32500A8A449 /* TTLComponent.h */ = {isa = PBXFileReference; lastKnownFileType = sourcecode.c.h; path = TTLComponent.h; sourceTree = "<group>"; };
		F6466ACD17B3E35700A8A449 /* TTLSystem.cpp */ = {isa = PBXFileReference; fileEncoding = 4; lastKnownFileType = sourcecode.cpp.cpp; path = TTLSystem.cpp; sourceTree = "<group>"; };
		F6466ACE17B3E35700A8A449 /* TTLSystem.h */ = {isa = PBXFileReference; fileEncoding = 4; lastKnownFileType = sourcecode.c.h; path = TTLSystem.h; sourceTree = "<group>"; };
		F65E764F17B26FA500AC6807 /* Spatial.cpp */ = {isa = PBXFileReference; fileEncoding = 4; lastKnownFileType = sourcecode.cpp.cpp; path = Spatial.cpp; sourceTree = "<group>"; };
		F65E765017B26FA500AC6807 /* Spatial.h */ = {isa = PBXFileReference; fileEncoding = 4; lastKnownFileType = sourcecode.c.h; path = Spatial.h; sourceTree = "<group>"; };
		F65E765217B271A900AC6807 /* SpatialComponent.h */ = {isa = PBXFileReference; lastKnownFileType = sourcecode.c.h; path = SpatialComponent.h; sourceTree = "<group>"; };
		F65E765317B271D600AC6807 /* ModelComponent.h */ = {isa = PBXFileReference; lastKnownFileType = sourcecode.c.h; path = ModelComponent.h; sourceTree = "<group>"; };
		F65E765417B272A500AC6807 /* CameraComponent.h */ = {isa = PBXFileReference; lastKnownFileType = sourcecode.c.h; path = CameraComponent.h; sourceTree = "<group>"; };
		F65E765517B272FA00AC6807 /* RenderSystem.cpp */ = {isa = PBXFileReference; fileEncoding = 4; lastKnownFileType = sourcecode.cpp.cpp; path = RenderSystem.cpp; sourceTree = "<group>"; };
		F65E765617B272FA00AC6807 /* RenderSystem.h */ = {isa = PBXFileReference; fileEncoding = 4; lastKnownFileType = sourcecode.c.h; path = RenderSystem.h; sourceTree = "<group>"; };
		F65E765817B2758500AC6807 /* resource_dir.mm */ = {isa = PBXFileReference; fileEncoding = 4; lastKnownFileType = sourcecode.cpp.objcpp; name = resource_dir.mm; path = osx/resource_dir.mm; sourceTree = SOURCE_ROOT; };
		F65E765A17B275BA00AC6807 /* resource_dir.h */ = {isa = PBXFileReference; lastKnownFileType = sourcecode.c.h; path = resource_dir.h; sourceTree = "<group>"; };
		F65E765B17B2764D00AC6807 /* Resources */ = {isa = PBXFileReference; lastKnownFileType = folder; name = Resources; path = ../Resources; sourceTree = "<group>"; };
		F65E765D17B27CE200AC6807 /* render_command.h */ = {isa = PBXFileReference; fileEncoding = 4; lastKnownFileType = sourcecode.c.h; path = render_command.h; sourceTree = "<group>"; };
		F65E765E17B27CE300AC6807 /* render_frame.h */ = {isa = PBXFileReference; fileEncoding = 4; lastKnownFileType = sourcecode.c.h; path = render_frame.h; sourceTree = "<group>"; };
		F65E765F17B27CED00AC6807 /* commands.h */ = {isa = PBXFileReference; lastKnownFileType = sourcecode.c.h; path = commands.h; sourceTree = "<group>"; };
		F667025C17B29921004B05EA /* ControlComponent.h */ = {isa = PBXFileReference; lastKnownFileType = sourcecode.c.h; path = ControlComponent.h; sourceTree = "<group>"; };
		F667025D17B29993004B05EA /* MovementControlSystem.cpp */ = {isa = PBXFileReference; fileEncoding = 4; lastKnownFileType = sourcecode.cpp.cpp; path = MovementControlSystem.cpp; sourceTree = "<group>"; };
		F667025E17B29993004B05EA /* MovementControlSystem.h */ = {isa = PBXFileReference; fileEncoding = 4; lastKnownFileType = sourcecode.c.h; path = MovementControlSystem.h; sourceTree = "<group>"; };
		F6765AE817B15D2E0030D33F /* System.cpp */ = {isa = PBXFileReference; fileEncoding = 4; lastKnownFileType = sourcecode.cpp.cpp; path = System.cpp; sourceTree = "<group>"; };
		F6765AE917B15D2E0030D33F /* System.h */ = {isa = PBXFileReference; fileEncoding = 4; lastKnownFileType = sourcecode.c.h; path = System.h; sourceTree = "<group>"; };
		F6765AEB17B160360030D33F /* Event.cpp */ = {isa = PBXFileReference; fileEncoding = 4; lastKnownFileType = sourcecode.cpp.cpp; path = Event.cpp; sourceTree = "<group>"; };
		F6765AEC17B160360030D33F /* Event.h */ = {isa = PBXFileReference; fileEncoding = 4; lastKnownFileType = sourcecode.c.h; path = Event.h; sourceTree = "<group>"; };
		F6836F0017AFBB8000F0D669 /* Baldur.app */ = {isa = PBXFileReference; explicitFileType = wrapper.application; includeInIndex = 0; path = Baldur.app; sourceTree = BUILT_PRODUCTS_DIR; };
		F6836F0317AFBB8000F0D669 /* Cocoa.framework */ = {isa = PBXFileReference; lastKnownFileType = wrapper.framework; name = Cocoa.framework; path = System/Library/Frameworks/Cocoa.framework; sourceTree = SDKROOT; };
		F6836F0617AFBB8000F0D669 /* AppKit.framework */ = {isa = PBXFileReference; lastKnownFileType = wrapper.framework; name = AppKit.framework; path = System/Library/Frameworks/AppKit.framework; sourceTree = SDKROOT; };
		F6836F0717AFBB8000F0D669 /* CoreData.framework */ = {isa = PBXFileReference; lastKnownFileType = wrapper.framework; name = CoreData.framework; path = System/Library/Frameworks/CoreData.framework; sourceTree = SDKROOT; };
		F6836F0817AFBB8000F0D669 /* Foundation.framework */ = {isa = PBXFileReference; lastKnownFileType = wrapper.framework; name = Foundation.framework; path = System/Library/Frameworks/Foundation.framework; sourceTree = SDKROOT; };
		F6836F0B17AFBB8000F0D669 /* Baldur-Info.plist */ = {isa = PBXFileReference; lastKnownFileType = text.plist.xml; path = "Baldur-Info.plist"; sourceTree = "<group>"; };
		F688BC9117B39CEA002E33C4 /* SpatialHierarchyComponent.h */ = {isa = PBXFileReference; lastKnownFileType = sourcecode.c.h; path = SpatialHierarchyComponent.h; sourceTree = "<group>"; };
		F688BC9217B39D48002E33C4 /* SpatialHierarchySystem.cpp */ = {isa = PBXFileReference; fileEncoding = 4; lastKnownFileType = sourcecode.cpp.cpp; path = SpatialHierarchySystem.cpp; sourceTree = "<group>"; };
		F688BC9317B39D48002E33C4 /* SpatialHierarchySystem.h */ = {isa = PBXFileReference; fileEncoding = 4; lastKnownFileType = sourcecode.c.h; path = SpatialHierarchySystem.h; sourceTree = "<group>"; };
		F689F0C117AFC54100A74DEA /* GLFW.framework */ = {isa = PBXFileReference; lastKnownFileType = wrapper.framework; name = GLFW.framework; path = "../../../Library/Developer/Xcode/DerivedData/Baldur-btwkzdokouqopcbnsjpypviqwbxp/Build/Products/Debug/GLFW.framework"; sourceTree = "<group>"; };
		F689F0FB17AFC81A00A74DEA /* GLEW.framework */ = {isa = PBXFileReference; lastKnownFileType = wrapper.framework; name = GLEW.framework; path = "../../../Library/Developer/Xcode/DerivedData/Baldur-btwkzdokouqopcbnsjpypviqwbxp/Build/Products/Debug/GLEW.framework"; sourceTree = "<group>"; };
		F689F12917AFD17E00A74DEA /* libluajit-5.1.a */ = {isa = PBXFileReference; lastKnownFileType = archive.ar; name = "libluajit-5.1.a"; path = "/usr/local/lib/libluajit-5.1.a"; sourceTree = "<absolute>"; };
		F68A011817B3BFF9005CB4E6 /* TimeLeftSystem.cpp */ = {isa = PBXFileReference; fileEncoding = 4; lastKnownFileType = sourcecode.cpp.cpp; path = TimeLeftSystem.cpp; sourceTree = "<group>"; };
		F68A011917B3BFF9005CB4E6 /* TimeLeftSystem.h */ = {isa = PBXFileReference; fileEncoding = 4; lastKnownFileType = sourcecode.c.h; path = TimeLeftSystem.h; sourceTree = "<group>"; };
		F68A011B17B3C155005CB4E6 /* TimeComponent.h */ = {isa = PBXFileReference; lastKnownFileType = sourcecode.c.h; path = TimeComponent.h; sourceTree = "<group>"; };
		F68C890817B562110071E14D /* libconfig.framework */ = {isa = PBXFileReference; lastKnownFileType = wrapper.framework; name = libconfig.framework; path = "../../../Library/Developer/Xcode/DerivedData/Baldur-btwkzdokouqopcbnsjpypviqwbxp/Build/Products/Debug/libconfig.framework"; sourceTree = "<group>"; };
		F6B772B617B2590C00DBF972 /* DirectoryManifest.cc */ = {isa = PBXFileReference; fileEncoding = 4; lastKnownFileType = sourcecode.cpp.cpp; path = DirectoryManifest.cc; sourceTree = "<group>"; };
		F6B772B717B2590C00DBF972 /* DirectoryManifest.h */ = {isa = PBXFileReference; fileEncoding = 4; lastKnownFileType = sourcecode.c.h; path = DirectoryManifest.h; sourceTree = "<group>"; };
		F6B772B917B2591F00DBF972 /* FileStreamReader.cc */ = {isa = PBXFileReference; fileEncoding = 4; lastKnownFileType = sourcecode.cpp.cpp; path = FileStreamReader.cc; sourceTree = "<group>"; };
		F6B772BA17B2591F00DBF972 /* FileStreamReader.h */ = {isa = PBXFileReference; fileEncoding = 4; lastKnownFileType = sourcecode.c.h; path = FileStreamReader.h; sourceTree = "<group>"; };
		F6B772BC17B2593800DBF972 /* manifest_container.cpp */ = {isa = PBXFileReference; fileEncoding = 4; lastKnownFileType = sourcecode.cpp.cpp; path = manifest_container.cpp; sourceTree = "<group>"; };
		F6B772BD17B2593800DBF972 /* manifest_container.h */ = {isa = PBXFileReference; fileEncoding = 4; lastKnownFileType = sourcecode.c.h; path = manifest_container.h; sourceTree = "<group>"; };
		F6B772BE17B2593800DBF972 /* Manifest.h */ = {isa = PBXFileReference; fileEncoding = 4; lastKnownFileType = sourcecode.c.h; path = Manifest.h; sourceTree = "<group>"; };
		F6B772C017B2595600DBF972 /* material.cc */ = {isa = PBXFileReference; fileEncoding = 4; lastKnownFileType = sourcecode.cpp.cpp; path = material.cc; sourceTree = "<group>"; };
		F6B772C117B2595600DBF972 /* material.h */ = {isa = PBXFileReference; fileEncoding = 4; lastKnownFileType = sourcecode.c.h; path = material.h; sourceTree = "<group>"; };
		F6B772C217B2595600DBF972 /* Mesh.cc */ = {isa = PBXFileReference; fileEncoding = 4; lastKnownFileType = sourcecode.cpp.cpp; path = Mesh.cc; sourceTree = "<group>"; };
		F6B772C317B2595600DBF972 /* Mesh.h */ = {isa = PBXFileReference; fileEncoding = 4; lastKnownFileType = sourcecode.c.h; path = Mesh.h; sourceTree = "<group>"; };
		F6B772C617B2596100DBF972 /* ObjGeometry.cc */ = {isa = PBXFileReference; fileEncoding = 4; lastKnownFileType = sourcecode.cpp.cpp; path = ObjGeometry.cc; sourceTree = "<group>"; };
		F6B772C717B2596100DBF972 /* ObjGeometry.h */ = {isa = PBXFileReference; fileEncoding = 4; lastKnownFileType = sourcecode.c.h; path = ObjGeometry.h; sourceTree = "<group>"; };
		F6B772C917B2596A00DBF972 /* program_resource_loader.h */ = {isa = PBXFileReference; fileEncoding = 4; lastKnownFileType = sourcecode.c.h; path = program_resource_loader.h; sourceTree = "<group>"; };
		F6B772CA17B2596A00DBF972 /* Program.cc */ = {isa = PBXFileReference; fileEncoding = 4; lastKnownFileType = sourcecode.cpp.cpp; path = Program.cc; sourceTree = "<group>"; };
		F6B772CB17B2596A00DBF972 /* Program.h */ = {isa = PBXFileReference; fileEncoding = 4; lastKnownFileType = sourcecode.c.h; path = Program.h; sourceTree = "<group>"; };
		F6B772CD17B2597500DBF972 /* resource_cache.cc */ = {isa = PBXFileReference; fileEncoding = 4; lastKnownFileType = sourcecode.cpp.cpp; path = resource_cache.cc; sourceTree = "<group>"; };
		F6B772CE17B2597500DBF972 /* resource_cache.h */ = {isa = PBXFileReference; fileEncoding = 4; lastKnownFileType = sourcecode.c.h; path = resource_cache.h; sourceTree = "<group>"; };
		F6B772CF17B2597500DBF972 /* resource_factory.cc */ = {isa = PBXFileReference; fileEncoding = 4; lastKnownFileType = sourcecode.cpp.cpp; path = resource_factory.cc; sourceTree = "<group>"; };
		F6B772D017B2597500DBF972 /* resource_factory.h */ = {isa = PBXFileReference; fileEncoding = 4; lastKnownFileType = sourcecode.c.h; path = resource_factory.h; sourceTree = "<group>"; };
		F6B772D117B2597500DBF972 /* resource_loader.h */ = {isa = PBXFileReference; fileEncoding = 4; lastKnownFileType = sourcecode.c.h; path = resource_loader.h; sourceTree = "<group>"; };
		F6B772D417B2598300DBF972 /* Shader.cc */ = {isa = PBXFileReference; fileEncoding = 4; lastKnownFileType = sourcecode.cpp.cpp; path = Shader.cc; sourceTree = "<group>"; };
		F6B772D517B2598300DBF972 /* Shader.h */ = {isa = PBXFileReference; fileEncoding = 4; lastKnownFileType = sourcecode.c.h; path = Shader.h; sourceTree = "<group>"; };
		F6B772D717B2599000DBF972 /* StreamReader.cc */ = {isa = PBXFileReference; fileEncoding = 4; lastKnownFileType = sourcecode.cpp.cpp; path = StreamReader.cc; sourceTree = "<group>"; };
		F6B772D817B2599000DBF972 /* StreamReader.h */ = {isa = PBXFileReference; fileEncoding = 4; lastKnownFileType = sourcecode.c.h; path = StreamReader.h; sourceTree = "<group>"; };
		F6B772DA17B2599400DBF972 /* stb_image.c */ = {isa = PBXFileReference; fileEncoding = 4; lastKnownFileType = sourcecode.c.c; path = stb_image.c; sourceTree = "<group>"; };
		F6B772DB17B2599400DBF972 /* stb_image.h */ = {isa = PBXFileReference; fileEncoding = 4; lastKnownFileType = sourcecode.c.h; path = stb_image.h; sourceTree = "<group>"; };
		F6B772DD17B2599C00DBF972 /* Texture.cc */ = {isa = PBXFileReference; fileEncoding = 4; lastKnownFileType = sourcecode.cpp.cpp; path = Texture.cc; sourceTree = "<group>"; };
		F6B772DE17B2599C00DBF972 /* Texture.h */ = {isa = PBXFileReference; fileEncoding = 4; lastKnownFileType = sourcecode.c.h; path = Texture.h; sourceTree = "<group>"; };
		F6B772E017B259A300DBF972 /* Geometry.h */ = {isa = PBXFileReference; fileEncoding = 4; lastKnownFileType = sourcecode.c.h; path = Geometry.h; sourceTree = "<group>"; };
		F6B772E117B259B700DBF972 /* Bitmap.cc */ = {isa = PBXFileReference; fileEncoding = 4; lastKnownFileType = sourcecode.cpp.cpp; path = Bitmap.cc; sourceTree = "<group>"; };
		F6B772E217B259B700DBF972 /* Bitmap.h */ = {isa = PBXFileReference; fileEncoding = 4; lastKnownFileType = sourcecode.c.h; path = Bitmap.h; sourceTree = "<group>"; };
		F6B772E417B25A0800DBF972 /* CubeGeometry.h */ = {isa = PBXFileReference; fileEncoding = 4; lastKnownFileType = sourcecode.c.h; path = CubeGeometry.h; sourceTree = "<group>"; };
		F6E0D72917B41E6800839A87 /* ScriptSystem.cpp */ = {isa = PBXFileReference; fileEncoding = 4; lastKnownFileType = sourcecode.cpp.cpp; path = ScriptSystem.cpp; sourceTree = "<group>"; };
		F6E0D72A17B41E6800839A87 /* ScriptSystem.h */ = {isa = PBXFileReference; fileEncoding = 4; lastKnownFileType = sourcecode.c.h; path = ScriptSystem.h; sourceTree = "<group>"; };
		F6E7BC8B17AFC00A00B9D2B2 /* GLM.framework */ = {isa = PBXFileReference; lastKnownFileType = wrapper.framework; name = GLM.framework; path = "../../../Library/Developer/Xcode/DerivedData/Baldur-btwkzdokouqopcbnsjpypviqwbxp/Build/Products/Debug/GLM.framework"; sourceTree = "<group>"; };
/* End PBXFileReference section */

/* Begin PBXFrameworksBuildPhase section */
		F6836EFD17AFBB8000F0D669 /* Frameworks */ = {
			isa = PBXFrameworksBuildPhase;
			buildActionMask = 2147483647;
			files = (
				F600EC7F17B2438700DFE37E /* OpenGL.framework in Frameworks */,
				F689F0FE17AFC83400A74DEA /* GLEW.framework in Frameworks */,
				F689F0C517AFC61400A74DEA /* GLFW.framework in Frameworks */,
				F6E7BC8C17AFC00A00B9D2B2 /* GLM.framework in Frameworks */,
				F6836F0417AFBB8000F0D669 /* Cocoa.framework in Frameworks */,
				F689F12B17AFD18700A74DEA /* libluajit-5.1.a in Frameworks */,
				F68C890C17B562290071E14D /* libconfig.framework in Frameworks */,
			);
			runOnlyForDeploymentPostprocessing = 0;
		};
/* End PBXFrameworksBuildPhase section */

/* Begin PBXGroup section */
		F600EC8017B2453200DFE37E /* Components */ = {
			isa = PBXGroup;
			children = (
				F600EC8517B24DA800DFE37E /* MouseComponent.h */,
				F65E765217B271A900AC6807 /* SpatialComponent.h */,
				F65E765317B271D600AC6807 /* ModelComponent.h */,
				F65E765417B272A500AC6807 /* CameraComponent.h */,
				F667025C17B29921004B05EA /* ControlComponent.h */,
				F688BC9117B39CEA002E33C4 /* SpatialHierarchyComponent.h */,
				F624276817B3AF310015D646 /* HUDTextComponent.h */,
				F68A011B17B3C155005CB4E6 /* TimeComponent.h */,
				F6466ACC17B3E32500A8A449 /* TTLComponent.h */,
			);
			path = Components;
			sourceTree = "<group>";
		};
		F600EC8117B2454E00DFE37E /* Systems */ = {
			isa = PBXGroup;
			children = (
				F600EC8217B245EE00DFE37E /* InputSystem.cpp */,
				F600EC8317B245EE00DFE37E /* InputSystem.h */,
				F65E765517B272FA00AC6807 /* RenderSystem.cpp */,
				F65E765617B272FA00AC6807 /* RenderSystem.h */,
				F667025D17B29993004B05EA /* MovementControlSystem.cpp */,
				F667025E17B29993004B05EA /* MovementControlSystem.h */,
				F688BC9217B39D48002E33C4 /* SpatialHierarchySystem.cpp */,
				F688BC9317B39D48002E33C4 /* SpatialHierarchySystem.h */,
				F68A011817B3BFF9005CB4E6 /* TimeLeftSystem.cpp */,
				F68A011917B3BFF9005CB4E6 /* TimeLeftSystem.h */,
				F6466ACD17B3E35700A8A449 /* TTLSystem.cpp */,
				F6466ACE17B3E35700A8A449 /* TTLSystem.h */,
				F6E0D72917B41E6800839A87 /* ScriptSystem.cpp */,
				F6E0D72A17B41E6800839A87 /* ScriptSystem.h */,
			);
			path = Systems;
			sourceTree = "<group>";
		};
		F6836EF717AFBB8000F0D669 = {
			isa = PBXGroup;
			children = (
				F6836F2017AFBC9200F0D669 /* src */,
				F6836F0A17AFBB8000F0D669 /* Supporting Files */,
				F65E765B17B2764D00AC6807 /* Resources */,
				F6836F0217AFBB8000F0D669 /* Frameworks */,
				F6836F0117AFBB8000F0D669 /* Products */,
			);
			sourceTree = "<group>";
		};
		F6836F0117AFBB8000F0D669 /* Products */ = {
			isa = PBXGroup;
			children = (
				F6836F0017AFBB8000F0D669 /* Baldur.app */,
			);
			name = Products;
			sourceTree = "<group>";
		};
		F6836F0217AFBB8000F0D669 /* Frameworks */ = {
			isa = PBXGroup;
			children = (
				F68C890817B562110071E14D /* libconfig.framework */,
				F600EC7E17B2438700DFE37E /* OpenGL.framework */,
				F689F12917AFD17E00A74DEA /* libluajit-5.1.a */,
				F689F0FB17AFC81A00A74DEA /* GLEW.framework */,
				F689F0C117AFC54100A74DEA /* GLFW.framework */,
				F6E7BC8B17AFC00A00B9D2B2 /* GLM.framework */,
				F6836F0317AFBB8000F0D669 /* Cocoa.framework */,
				F6836F0517AFBB8000F0D669 /* Other Frameworks */,
			);
			name = Frameworks;
			sourceTree = "<group>";
		};
		F6836F0517AFBB8000F0D669 /* Other Frameworks */ = {
			isa = PBXGroup;
			children = (
				F6836F0617AFBB8000F0D669 /* AppKit.framework */,
				F6836F0717AFBB8000F0D669 /* CoreData.framework */,
				F6836F0817AFBB8000F0D669 /* Foundation.framework */,
			);
			name = "Other Frameworks";
			sourceTree = "<group>";
		};
		F6836F0A17AFBB8000F0D669 /* Supporting Files */ = {
			isa = PBXGroup;
			children = (
				F6836F0B17AFBB8000F0D669 /* Baldur-Info.plist */,
			);
			name = "Supporting Files";
			path = osx;
			sourceTree = "<group>";
		};
		F6836F2017AFBC9200F0D669 /* src */ = {
			isa = PBXGroup;
			children = (
				F6B772B517B258DC00DBF972 /* Resources */,
				F600EC8117B2454E00DFE37E /* Systems */,
				F600EC8017B2453200DFE37E /* Components */,
				F6434ACF17AFE7E10018BDC9 /* Component.cpp */,
				F6434AD017AFE7E10018BDC9 /* Component.h */,
				F6434AD317AFE8F80018BDC9 /* World.cpp */,
				F6434AD417AFE8F80018BDC9 /* World.h */,
				F619A69F17B13465009ABFBC /* Entity.cpp */,
				F619A6A017B13465009ABFBC /* Entity.h */,
				F6765AE817B15D2E0030D33F /* System.cpp */,
				F6765AE917B15D2E0030D33F /* System.h */,
				F6765AEB17B160360030D33F /* Event.cpp */,
				F6765AEC17B160360030D33F /* Event.h */,
				F600EC7917B240C100DFE37E /* Game.cpp */,
				F600EC7A17B240C100DFE37E /* Game.h */,
				F600EC7C17B240E500DFE37E /* main.cpp */,
				F65E764F17B26FA500AC6807 /* Spatial.cpp */,
				F65E765017B26FA500AC6807 /* Spatial.h */,
				F65E765817B2758500AC6807 /* resource_dir.mm */,
				F65E765A17B275BA00AC6807 /* resource_dir.h */,
				F65E765D17B27CE200AC6807 /* render_command.h */,
				F65E765E17B27CE300AC6807 /* render_frame.h */,
				F65E765F17B27CED00AC6807 /* commands.h */,
			);
			path = src;
			sourceTree = "<group>";
		};
		F6B772B517B258DC00DBF972 /* Resources */ = {
			isa = PBXGroup;
			children = (
				F624276517B3AE5F0015D646 /* text.cc */,
				F624276617B3AE5F0015D646 /* text.h */,
				F6B772E417B25A0800DBF972 /* CubeGeometry.h */,
				F6B772E117B259B700DBF972 /* Bitmap.cc */,
				F6B772E217B259B700DBF972 /* Bitmap.h */,
				F6B772B617B2590C00DBF972 /* DirectoryManifest.cc */,
				F6B772B717B2590C00DBF972 /* DirectoryManifest.h */,
				F6B772B917B2591F00DBF972 /* FileStreamReader.cc */,
				F6B772BA17B2591F00DBF972 /* FileStreamReader.h */,
				F6B772BC17B2593800DBF972 /* manifest_container.cpp */,
				F6B772BD17B2593800DBF972 /* manifest_container.h */,
				F6B772BE17B2593800DBF972 /* Manifest.h */,
				F6B772C017B2595600DBF972 /* material.cc */,
				F6B772C117B2595600DBF972 /* material.h */,
				F6B772C217B2595600DBF972 /* Mesh.cc */,
				F6B772C317B2595600DBF972 /* Mesh.h */,
				F6B772E017B259A300DBF972 /* Geometry.h */,
				F6B772C617B2596100DBF972 /* ObjGeometry.cc */,
				F6B772C717B2596100DBF972 /* ObjGeometry.h */,
				F6B772C917B2596A00DBF972 /* program_resource_loader.h */,
				F6B772CA17B2596A00DBF972 /* Program.cc */,
				F6B772CB17B2596A00DBF972 /* Program.h */,
				F6B772CD17B2597500DBF972 /* resource_cache.cc */,
				F6B772CE17B2597500DBF972 /* resource_cache.h */,
				F6B772CF17B2597500DBF972 /* resource_factory.cc */,
				F6B772D017B2597500DBF972 /* resource_factory.h */,
				F6B772D117B2597500DBF972 /* resource_loader.h */,
				F6B772D417B2598300DBF972 /* Shader.cc */,
				F6B772D517B2598300DBF972 /* Shader.h */,
				F6B772D717B2599000DBF972 /* StreamReader.cc */,
				F6B772D817B2599000DBF972 /* StreamReader.h */,
				F6B772DA17B2599400DBF972 /* stb_image.c */,
				F6B772DB17B2599400DBF972 /* stb_image.h */,
				F6B772DD17B2599C00DBF972 /* Texture.cc */,
				F6B772DE17B2599C00DBF972 /* Texture.h */,
			);
			path = Resources;
			sourceTree = "<group>";
		};
/* End PBXGroup section */

/* Begin PBXNativeTarget section */
		F6836EFF17AFBB8000F0D669 /* Baldur */ = {
			isa = PBXNativeTarget;
			buildConfigurationList = F6836F1D17AFBB8000F0D669 /* Build configuration list for PBXNativeTarget "Baldur" */;
			buildPhases = (
				F6836EFC17AFBB8000F0D669 /* Sources */,
				F6836EFD17AFBB8000F0D669 /* Frameworks */,
				F6836EFE17AFBB8000F0D669 /* Resources */,
				F6E7BC9217AFC1E300B9D2B2 /* CopyFiles */,
			);
			buildRules = (
			);
			dependencies = (
			);
			name = Baldur;
			productName = Baldur;
			productReference = F6836F0017AFBB8000F0D669 /* Baldur.app */;
			productType = "com.apple.product-type.application";
		};
/* End PBXNativeTarget section */

/* Begin PBXProject section */
		F6836EF817AFBB8000F0D669 /* Project object */ = {
			isa = PBXProject;
			attributes = {
				LastUpgradeCheck = 0460;
				ORGANIZATIONNAME = "Tim Peters";
			};
			buildConfigurationList = F6836EFB17AFBB8000F0D669 /* Build configuration list for PBXProject "Baldur" */;
			compatibilityVersion = "Xcode 3.2";
			developmentRegion = English;
			hasScannedForEncodings = 0;
			knownRegions = (
				en,
			);
			mainGroup = F6836EF717AFBB8000F0D669;
			productRefGroup = F6836F0117AFBB8000F0D669 /* Products */;
			projectDirPath = "";
			projectRoot = "";
			targets = (
				F6836EFF17AFBB8000F0D669 /* Baldur */,
			);
		};
/* End PBXProject section */

/* Begin PBXResourcesBuildPhase section */
		F6836EFE17AFBB8000F0D669 /* Resources */ = {
			isa = PBXResourcesBuildPhase;
			buildActionMask = 2147483647;
			files = (
				F65E765C17B2765500AC6807 /* Resources in Resources */,
			);
			runOnlyForDeploymentPostprocessing = 0;
		};
/* End PBXResourcesBuildPhase section */

/* Begin PBXSourcesBuildPhase section */
		F6836EFC17AFBB8000F0D669 /* Sources */ = {
			isa = PBXSourcesBuildPhase;
			buildActionMask = 2147483647;
			files = (
				F6434AD117AFE7E10018BDC9 /* Component.cpp in Sources */,
				F6434AD517AFE8F80018BDC9 /* World.cpp in Sources */,
				F619A6A117B13465009ABFBC /* Entity.cpp in Sources */,
				F6765AED17B160360030D33F /* Event.cpp in Sources */,
				F6765AEE17B162C70030D33F /* System.cpp in Sources */,
				F600EC7B17B240C100DFE37E /* Game.cpp in Sources */,
				F600EC7D17B240E500DFE37E /* main.cpp in Sources */,
				F600EC8417B245EE00DFE37E /* InputSystem.cpp in Sources */,
				F6B772B817B2590C00DBF972 /* DirectoryManifest.cc in Sources */,
				F6B772BB17B2591F00DBF972 /* FileStreamReader.cc in Sources */,
				F6B772BF17B2593800DBF972 /* manifest_container.cpp in Sources */,
				F6B772C417B2595600DBF972 /* material.cc in Sources */,
				F6B772C517B2595600DBF972 /* Mesh.cc in Sources */,
				F6B772C817B2596100DBF972 /* ObjGeometry.cc in Sources */,
				F6B772CC17B2596A00DBF972 /* Program.cc in Sources */,
				F6B772D217B2597500DBF972 /* resource_cache.cc in Sources */,
				F6B772D317B2597500DBF972 /* resource_factory.cc in Sources */,
				F6B772D617B2598300DBF972 /* Shader.cc in Sources */,
				F6B772D917B2599000DBF972 /* StreamReader.cc in Sources */,
				F6B772DC17B2599400DBF972 /* stb_image.c in Sources */,
				F6B772DF17B2599C00DBF972 /* Texture.cc in Sources */,
				F6B772E317B259B700DBF972 /* Bitmap.cc in Sources */,
				F65E765117B26FA500AC6807 /* Spatial.cpp in Sources */,
				F65E765717B272FA00AC6807 /* RenderSystem.cpp in Sources */,
				F65E765917B2758500AC6807 /* resource_dir.mm in Sources */,
				F667025F17B29993004B05EA /* MovementControlSystem.cpp in Sources */,
				F688BC9417B39D48002E33C4 /* SpatialHierarchySystem.cpp in Sources */,
				F624276717B3AE5F0015D646 /* text.cc in Sources */,
				F68A011A17B3BFF9005CB4E6 /* TimeLeftSystem.cpp in Sources */,
				F6466ACF17B3E35700A8A449 /* TTLSystem.cpp in Sources */,
				F6E0D72B17B41E6800839A87 /* ScriptSystem.cpp in Sources */,
			);
			runOnlyForDeploymentPostprocessing = 0;
		};
/* End PBXSourcesBuildPhase section */

/* Begin XCBuildConfiguration section */
		F6836F1B17AFBB8000F0D669 /* Debug */ = {
			isa = XCBuildConfiguration;
			buildSettings = {
				ALWAYS_SEARCH_USER_PATHS = NO;
				ARCHS = "$(ARCHS_STANDARD_64_BIT)";
				CLANG_CXX_LANGUAGE_STANDARD = "gnu++0x";
				CLANG_CXX_LIBRARY = "libc++";
				CLANG_WARN_CONSTANT_CONVERSION = YES;
				CLANG_WARN_EMPTY_BODY = YES;
				CLANG_WARN_ENUM_CONVERSION = YES;
				CLANG_WARN_INT_CONVERSION = YES;
				CLANG_WARN__DUPLICATE_METHOD_MATCH = YES;
				COPY_PHASE_STRIP = NO;
				GCC_C_LANGUAGE_STANDARD = gnu99;
				GCC_DYNAMIC_NO_PIC = NO;
				GCC_ENABLE_OBJC_EXCEPTIONS = YES;
				GCC_OPTIMIZATION_LEVEL = 0;
				GCC_PREPROCESSOR_DEFINITIONS = (
					"DEBUG=1",
					"$(inherited)",
				);
				GCC_SYMBOLS_PRIVATE_EXTERN = NO;
				GCC_WARN_64_TO_32_BIT_CONVERSION = YES;
				GCC_WARN_ABOUT_RETURN_TYPE = YES;
				GCC_WARN_UNINITIALIZED_AUTOS = YES;
				GCC_WARN_UNUSED_VARIABLE = YES;
				MACOSX_DEPLOYMENT_TARGET = 10.8;
				ONLY_ACTIVE_ARCH = YES;
				SDKROOT = macosx;
			};
			name = Debug;
		};
		F6836F1C17AFBB8000F0D669 /* Release */ = {
			isa = XCBuildConfiguration;
			buildSettings = {
				ALWAYS_SEARCH_USER_PATHS = NO;
				ARCHS = "$(ARCHS_STANDARD_64_BIT)";
				CLANG_CXX_LANGUAGE_STANDARD = "gnu++0x";
				CLANG_CXX_LIBRARY = "libc++";
				CLANG_WARN_CONSTANT_CONVERSION = YES;
				CLANG_WARN_EMPTY_BODY = YES;
				CLANG_WARN_ENUM_CONVERSION = YES;
				CLANG_WARN_INT_CONVERSION = YES;
				CLANG_WARN__DUPLICATE_METHOD_MATCH = YES;
				COPY_PHASE_STRIP = YES;
				DEBUG_INFORMATION_FORMAT = "dwarf-with-dsym";
				GCC_C_LANGUAGE_STANDARD = gnu99;
				GCC_ENABLE_OBJC_EXCEPTIONS = YES;
				GCC_WARN_64_TO_32_BIT_CONVERSION = YES;
				GCC_WARN_ABOUT_RETURN_TYPE = YES;
				GCC_WARN_UNINITIALIZED_AUTOS = YES;
				GCC_WARN_UNUSED_VARIABLE = YES;
				MACOSX_DEPLOYMENT_TARGET = 10.8;
				SDKROOT = macosx;
			};
			name = Release;
		};
		F6836F1E17AFBB8000F0D669 /* Debug */ = {
			isa = XCBuildConfiguration;
			buildSettings = {
				COMBINE_HIDPI_IMAGES = YES;
				FRAMEWORK_SEARCH_PATHS = (
					"$(inherited)",
					"\"$(SRCROOT)/../../../Library/Developer/Xcode/DerivedData/Baldur-btwkzdokouqopcbnsjpypviqwbxp/Build/Products/Debug\"",
				);
				GCC_PRECOMPILE_PREFIX_HEADER = NO;
				GCC_PREFIX_HEADER = "";
				HEADER_SEARCH_PATHS = /usr/local/include;
				INFOPLIST_FILE = "osx/Baldur-Info.plist";
				LIBRARY_SEARCH_PATHS = /usr/local/lib;
				OTHER_CFLAGS = "";
				OTHER_CPLUSPLUSFLAGS = "$(OTHER_CFLAGS)";
				OTHER_LDFLAGS = (
					"-pagezero_size",
					10000,
					"-image_base",
					100000000,
				);
				PRODUCT_NAME = "$(TARGET_NAME)";
				WRAPPER_EXTENSION = app;
			};
			name = Debug;
		};
		F6836F1F17AFBB8000F0D669 /* Release */ = {
			isa = XCBuildConfiguration;
			buildSettings = {
				COMBINE_HIDPI_IMAGES = YES;
				FRAMEWORK_SEARCH_PATHS = (
					"$(inherited)",
					"\"$(SRCROOT)/../../../Library/Developer/Xcode/DerivedData/Baldur-btwkzdokouqopcbnsjpypviqwbxp/Build/Products/Debug\"",
				);
				GCC_PRECOMPILE_PREFIX_HEADER = NO;
				GCC_PREFIX_HEADER = "";
				HEADER_SEARCH_PATHS = /usr/local/include;
				INFOPLIST_FILE = "osx/Baldur-Info.plist";
				LIBRARY_SEARCH_PATHS = /usr/local/lib;
				OTHER_CFLAGS = "";
				OTHER_CPLUSPLUSFLAGS = "$(OTHER_CFLAGS)";
				OTHER_LDFLAGS = (
					"-pagezero_size",
					10000,
					"-image_base",
					100000000,
				);
				PRODUCT_NAME = "$(TARGET_NAME)";
				WRAPPER_EXTENSION = app;
			};
			name = Release;
		};
/* End XCBuildConfiguration section */

/* Begin XCConfigurationList section */
		F6836EFB17AFBB8000F0D669 /* Build configuration list for PBXProject "Baldur" */ = {
			isa = XCConfigurationList;
			buildConfigurations = (
				F6836F1B17AFBB8000F0D669 /* Debug */,
				F6836F1C17AFBB8000F0D669 /* Release */,
			);
			defaultConfigurationIsVisible = 0;
			defaultConfigurationName = Release;
		};
		F6836F1D17AFBB8000F0D669 /* Build configuration list for PBXNativeTarget "Baldur" */ = {
			isa = XCConfigurationList;
			buildConfigurations = (
				F6836F1E17AFBB8000F0D669 /* Debug */,
				F6836F1F17AFBB8000F0D669 /* Release */,
			);
			defaultConfigurationIsVisible = 0;
			defaultConfigurationName = Release;
		};
/* End XCConfigurationList section */
	};
	rootObject = F6836EF817AFBB8000F0D669 /* Project object */;
}
